
Microsoft Visual Studio Solution File, Format Version 12.00
# Visual Studio Version 17
VisualStudioVersion = 17.1.32328.378
MinimumVisualStudioVersion = 10.0.40219.1
Project("{FAE04EC0-301F-11D3-BF4B-00C04F79EFBC}") = "Proyecto_BufeteDeAbogados", "Proyecto_BufeteDeAbogados\Proyecto_BufeteDeAbogados.csproj", "{C5B0CF95-EA9F-47D8-B890-FB0C77740DE7}"
EndProject
Project("{FAE04EC0-301F-11D3-BF4B-00C04F79EFBC}") = "Datos", "Datos\Datos.csproj", "{3FC009B0-2275-4BB4-8BE6-35E07153B4E9}"
EndProject
Global
	GlobalSection(SolutionConfigurationPlatforms) = preSolution
		Debug|Any CPU = Debug|Any CPU
		Release|Any CPU = Release|Any CPU
	EndGlobalSection
	GlobalSection(ProjectConfigurationPlatforms) = postSolution
		{C5B0CF95-EA9F-47D8-B890-FB0C77740DE7}.Debug|Any CPU.ActiveCfg = Debug|Any CPU
		{C5B0CF95-EA9F-47D8-B890-FB0C77740DE7}.Debug|Any CPU.Build.0 = Debug|Any CPU
		{C5B0CF95-EA9F-47D8-B890-FB0C77740DE7}.Release|Any CPU.ActiveCfg = Release|Any CPU
		{C5B0CF95-EA9F-47D8-B890-FB0C77740DE7}.Release|Any CPU.Build.0 = Release|Any CPU
		{3FC009B0-2275-4BB4-8BE6-35E07153B4E9}.Debug|Any CPU.ActiveCfg = Debug|Any CPU
		{3FC009B0-2275-4BB4-8BE6-35E07153B4E9}.Debug|Any CPU.Build.0 = Debug|Any CPU
		{3FC009B0-2275-4BB4-8BE6-35E07153B4E9}.Release|Any CPU.ActiveCfg = Release|Any CPU
		{3FC009B0-2275-4BB4-8BE6-35E07153B4E9}.Release|Any CPU.Build.0 = Release|Any CPU
	EndGlobalSection
	GlobalSection(SolutionProperties) = preSolution
		HideSolutionNode = FALSE
	EndGlobalSection
	GlobalSection(ExtensibilityGlobals) = postSolution
		SolutionGuid = {F1365D46-467D-4538-8799-86E399BDBE29}
	EndGlobalSection
EndGlobal
